
Microsoft Visual Studio Solution File, Format Version 12.00
# Visual Studio Version 16
VisualStudioVersion = 16.0.30804.86
MinimumVisualStudioVersion = 10.0.40219.1
Project("{FAE04EC0-301F-11D3-BF4B-00C04F79EFBC}") = "BPAS Tracker", "BPAS Tracker\BPAS Tracker.csproj", "{1527C36F-3CEC-4CBA-9BA9-A66A2B704F8E}"
EndProject
Global
	GlobalSection(SolutionConfigurationPlatforms) = preSolution
		Debug|Any CPU = Debug|Any CPU
		Release|Any CPU = Release|Any CPU
	EndGlobalSection
	GlobalSection(ProjectConfigurationPlatforms) = postSolution
		{1527C36F-3CEC-4CBA-9BA9-A66A2B704F8E}.Debug|Any CPU.ActiveCfg = Debug|Any CPU
		{1527C36F-3CEC-4CBA-9BA9-A66A2B704F8E}.Debug|Any CPU.Build.0 = Debug|Any CPU
		{1527C36F-3CEC-4CBA-9BA9-A66A2B704F8E}.Release|Any CPU.ActiveCfg = Release|Any CPU
		{1527C36F-3CEC-4CBA-9BA9-A66A2B704F8E}.Release|Any CPU.Build.0 = Release|Any CPU
	EndGlobalSection
	GlobalSection(SolutionProperties) = preSolution
		HideSolutionNode = FALSE
	EndGlobalSection
	GlobalSection(ExtensibilityGlobals) = postSolution
		SolutionGuid = {04A240C5-74E0-4E89-95CB-90EF0B06F5FF}
	EndGlobalSection
EndGlobal
